# THIS IS AN AUTOGENERATED FILE. DO NOT EDIT THIS FILE DIRECTLY.
# yarn lockfile v1


"@ampproject/remapping@^2.3.0":
  version "2.3.0"
  resolved "https://registry.npmjs.org/@ampproject/remapping/-/remapping-2.3.0.tgz"
  integrity sha512-30iZtAPgz+LTIYoeivqYo853f02jBYSd5uGnGpkFV0M3xOt9aN73erkgYAmZU43x4VfqcnLxW9Kpg3R5LC4YYw==
  dependencies:
    "@jridgewell/gen-mapping" "^0.3.5"
    "@jridgewell/trace-mapping" "^0.3.24"

"@esbuild/linux-x64@0.24.2":
  version "0.24.2"
  resolved "https://registry.npmjs.org/@esbuild/linux-x64/-/linux-x64-0.24.2.tgz"
  integrity sha512-8Qi4nQcCTbLnK9WoMjdC9NiTG6/E38RNICU6sUNqK0QFxCYgoARqVqxdFmWkdonVsvGqWhmm7MO0jyTqLqwj0Q==

"@jridgewell/gen-mapping@^0.3.5":
  version "0.3.8"
  resolved "https://registry.npmjs.org/@jridgewell/gen-mapping/-/gen-mapping-0.3.8.tgz"
  integrity sha512-imAbBGkb+ebQyxKgzv5Hu2nmROxoDOXHh80evxdoXNOrvAnVx7zimzc1Oo5h9RlfV4vPXaE2iM5pOFbvOCClWA==
  dependencies:
    "@jridgewell/set-array" "^1.2.1"
    "@jridgewell/sourcemap-codec" "^1.4.10"
    "@jridgewell/trace-mapping" "^0.3.24"

"@jridgewell/resolve-uri@^3.1.0":
  version "3.1.2"
  resolved "https://registry.npmjs.org/@jridgewell/resolve-uri/-/resolve-uri-3.1.2.tgz"
  integrity sha512-bRISgCIjP20/tbWSPWMEi54QVPRZExkuD9lJL+UIxUKtwVJA8wW1Trb1jMs1RFXo1CBTNZ/5hpC9QvmKWdopKw==

"@jridgewell/set-array@^1.2.1":
  version "1.2.1"
  resolved "https://registry.npmjs.org/@jridgewell/set-array/-/set-array-1.2.1.tgz"
  integrity sha512-R8gLRTZeyp03ymzP/6Lil/28tGeGEzhx1q2k703KGWRAI1VdvPIXdG70VJc2pAMw3NA6JKL5hhFu1sJX0Mnn/A==

"@jridgewell/sourcemap-codec@^1.4.10", "@jridgewell/sourcemap-codec@^1.4.14", "@jridgewell/sourcemap-codec@^1.4.15", "@jridgewell/sourcemap-codec@^1.5.0":
  version "1.5.0"
  resolved "https://registry.npmjs.org/@jridgewell/sourcemap-codec/-/sourcemap-codec-1.5.0.tgz"
  integrity sha512-gv3ZRaISU3fjPAgNsriBRqGWQL6quFx04YMPW/zD8XMLsU32mhCCbfbO6KZFLjvYpCZ8zyDEgqsgf+PwPaM7GQ==

"@jridgewell/trace-mapping@^0.3.24":
  version "0.3.25"
  resolved "https://registry.npmjs.org/@jridgewell/trace-mapping/-/trace-mapping-0.3.25.tgz"
  integrity sha512-vNk6aEwybGtawWmy/PzwnGDOjCkLWSD2wqvjGGAgOAwCGWySYXfYoxt00IJkTF+8Lb57DwOb3Aa0o9CApepiYQ==
  dependencies:
    "@jridgewell/resolve-uri" "^3.1.0"
    "@jridgewell/sourcemap-codec" "^1.4.14"

"@polka/url@^1.0.0-next.24":
  version "1.0.0-next.28"
  resolved "https://registry.npmjs.org/@polka/url/-/url-1.0.0-next.28.tgz"
  integrity sha512-8LduaNlMZGwdZ6qWrKlfa+2M4gahzFkprZiAt2TF8uS0qQgBizKXpXURqvTJ4WtmupWxaLqjRb2UCTe72mu+Aw==

"@rollup/rollup-linux-x64-gnu@4.34.3":
  version "4.34.3"
  resolved "https://registry.npmjs.org/@rollup/rollup-linux-x64-gnu/-/rollup-linux-x64-gnu-4.34.3.tgz"
  integrity sha512-lOyG3aF4FTKrhpzXfMmBXgeKUUXdAWmP2zSNf8HTAXPqZay6QYT26l64hVizBjq+hJx3pl0DTEyvPi9sTA6VGA==

"@rollup/rollup-linux-x64-musl@4.34.3":
  version "4.34.3"
  resolved "https://registry.npmjs.org/@rollup/rollup-linux-x64-musl/-/rollup-linux-x64-musl-4.34.3.tgz"
  integrity sha512-usztyYLu2i+mYzzOjqHZTaRXbUOqw3P6laNUh1zcqxbPH1P2Tz/QdJJCQSnGxCtsRQeuU2bCyraGMtMumC46rw==

"@sveltejs/adapter-auto@^4.0.0":
  version "4.0.0"
  resolved "https://registry.npmjs.org/@sveltejs/adapter-auto/-/adapter-auto-4.0.0.tgz"
  integrity sha512-kmuYSQdD2AwThymQF0haQhM8rE5rhutQXG4LNbnbShwhMO4qQGnKaaTy+88DuNSuoQDi58+thpq8XpHc1+oEKQ==
  dependencies:
    import-meta-resolve "^4.1.0"

"@sveltejs/kit@^2.0.0", "@sveltejs/kit@^2.16.0":
  version "2.17.1"
  resolved "https://registry.npmjs.org/@sveltejs/kit/-/kit-2.17.1.tgz"
  integrity sha512-CpoGSLqE2MCmcQwA2CWJvOsZ9vW+p/1H3itrFykdgajUNAEyQPbsaSn7fZb6PLHQwe+07njxje9ss0fjZoCAyw==
  dependencies:
    "@types/cookie" "^0.6.0"
    cookie "^0.6.0"
    devalue "^5.1.0"
    esm-env "^1.2.2"
    import-meta-resolve "^4.1.0"
    kleur "^4.1.5"
    magic-string "^0.30.5"
    mrmime "^2.0.0"
    sade "^1.8.1"
    set-cookie-parser "^2.6.0"
    sirv "^3.0.0"

"@sveltejs/vite-plugin-svelte-inspector@^4.0.1":
  version "4.0.1"
  resolved "https://registry.npmjs.org/@sveltejs/vite-plugin-svelte-inspector/-/vite-plugin-svelte-inspector-4.0.1.tgz"
  integrity sha512-J/Nmb2Q2y7mck2hyCX4ckVHcR5tu2J+MtBEQqpDrrgELZ2uvraQcK/ioCV61AqkdXFgriksOKIceDcQmqnGhVw==
  dependencies:
    debug "^4.3.7"

"@sveltejs/vite-plugin-svelte@^3.0.0 || ^4.0.0-next.1 || ^5.0.0", "@sveltejs/vite-plugin-svelte@^5.0.0":
  version "5.0.3"
  resolved "https://registry.npmjs.org/@sveltejs/vite-plugin-svelte/-/vite-plugin-svelte-5.0.3.tgz"
  integrity sha512-MCFS6CrQDu1yGwspm4qtli0e63vaPCehf6V7pIMP15AsWgMKrqDGCPFF/0kn4SP0ii4aySu4Pa62+fIRGFMjgw==
  dependencies:
    "@sveltejs/vite-plugin-svelte-inspector" "^4.0.1"
    debug "^4.4.0"
    deepmerge "^4.3.1"
    kleur "^4.1.5"
    magic-string "^0.30.15"
    vitefu "^1.0.4"

"@types/cookie@^0.6.0":
  version "0.6.0"
  resolved "https://registry.npmjs.org/@types/cookie/-/cookie-0.6.0.tgz"
  integrity sha512-4Kh9a6B2bQciAhf7FSuMRRkUWecJgJu9nPnx3yzpsfXX/c50REIqpHY4C82bXP90qrLtXtkDxTZosYO3UpOwlA==

"@types/estree@^1.0.5", "@types/estree@^1.0.6", "@types/estree@1.0.6":
  version "1.0.6"
  resolved "https://registry.npmjs.org/@types/estree/-/estree-1.0.6.tgz"
  integrity sha512-AYnb1nQyY49te+VRAVgmzfcgjYS91mY5P0TKUDCLEM+gNnA+3T6rWITXRLYCpahpqSQbN5cE+gHpnPyXjHWxcw==

accepts@~1.3.8:
  version "1.3.8"
  resolved "https://registry.npmjs.org/accepts/-/accepts-1.3.8.tgz"
  integrity sha512-PYAthTa2m2VKxuvSD3DPC/Gy+U+sOA1LAuT8mkmRuvw+NACSaeXEQ+NHcVF7rONl6qcaxV3Uuemwawk+7+SJLw==
  dependencies:
    mime-types "~2.1.34"
    negotiator "0.6.3"

acorn-typescript@^1.4.13:
  version "1.4.13"
  resolved "https://registry.npmjs.org/acorn-typescript/-/acorn-typescript-1.4.13.tgz"
  integrity sha512-xsc9Xv0xlVfwp2o7sQ+GCQ1PgbkdcpWdTzrwXxO3xDMTAywVS3oXVOcOHuRjAPkS4P9b+yc/qNF15460v+jp4Q==

acorn@^8.12.1, acorn@>=8.9.0:
  version "8.14.0"
  resolved "https://registry.npmjs.org/acorn/-/acorn-8.14.0.tgz"
  integrity sha512-cl669nCJTZBsL97OF4kUQm5g5hC2uihk0NxY3WENAC0TYdILVkAyHymAntgxGkl7K+t0cXIrH5siy5S4XkFycA==

aria-query@^5.3.1:
  version "5.3.2"
  resolved "https://registry.npmjs.org/aria-query/-/aria-query-5.3.2.tgz"
  integrity sha512-COROpnaoap1E2F000S62r6A60uHZnmlvomhfyT2DlTcrY1OrBKn2UhH7qn5wTC9zMvD0AY7csdPSNwKP+7WiQw==

array-flatten@1.1.1:
  version "1.1.1"
  resolved "https://registry.npmjs.org/array-flatten/-/array-flatten-1.1.1.tgz"
  integrity sha512-PCVAQswWemu6UdxsDFFX/+gVeYqKAod3D3UVm91jHwynguOwAvYPhx8nNlM++NqRcK6CxxpUafjmhIdKiHibqg==

axobject-query@^4.1.0:
  version "4.1.0"
  resolved "https://registry.npmjs.org/axobject-query/-/axobject-query-4.1.0.tgz"
  integrity sha512-qIj0G9wZbMGNLjLmg1PT6v2mE9AH2zlnADJD/2tC6E00hgmhUOfEB6greHPAfLRSufHqROIUTkw6E+M3lH0PTQ==

body-parser@1.20.3:
  version "1.20.3"
  resolved "https://registry.npmjs.org/body-parser/-/body-parser-1.20.3.tgz"
  integrity sha512-7rAxByjUMqQ3/bHJy7D6OGXvx/MMc4IqBn/X0fcM1QUcAItpZrBEYhWGem+tzXH90c+G01ypMcYJBO9Y30203g==
  dependencies:
    bytes "3.1.2"
    content-type "~1.0.5"
    debug "2.6.9"
    depd "2.0.0"
    destroy "1.2.0"
    http-errors "2.0.0"
    iconv-lite "0.4.24"
    on-finished "2.4.1"
    qs "6.13.0"
    raw-body "2.5.2"
    type-is "~1.6.18"
    unpipe "1.0.0"

bytes@3.1.2:
  version "3.1.2"
  resolved "https://registry.npmjs.org/bytes/-/bytes-3.1.2.tgz"
  integrity sha512-/Nf7TyzTx6S3yRJObOAV7956r8cr2+Oj8AC5dt8wSP3BQAoeX58NoHyCU8P8zGkNXStjTSi6fzO6F0pBdcYbEg==

call-bind-apply-helpers@^1.0.1:
  version "1.0.2"
  resolved "https://registry.npmjs.org/call-bind-apply-helpers/-/call-bind-apply-helpers-1.0.2.tgz"
  integrity sha512-Sp1ablJ0ivDkSzjcaJdxEunN5/XvksFJ2sMBFfq6x0ryhQV/2b/KwFe21cMpmHtPOSij8K99/wSfoEuTObmuMQ==
  dependencies:
    es-errors "^1.3.0"
    function-bind "^1.1.2"

call-bound@^1.0.2:
  version "1.0.3"
  resolved "https://registry.npmjs.org/call-bound/-/call-bound-1.0.3.tgz"
  integrity sha512-YTd+6wGlNlPxSuri7Y6X8tY2dmm12UMH66RpKMhiX6rsk5wXXnYgbUcOt8kiS31/AjfoTOvCsE+w8nZQLQnzHA==
  dependencies:
    call-bind-apply-helpers "^1.0.1"
    get-intrinsic "^1.2.6"

clsx@^2.1.1:
  version "2.1.1"
  resolved "https://registry.npmjs.org/clsx/-/clsx-2.1.1.tgz"
  integrity sha512-eYm0QWBtUrBWZWG0d386OGAw16Z995PiOVo2B7bjWSbHedGl5e0ZWaq65kOGgUSNesEIDkB9ISbTg/JK9dhCZA==

content-disposition@0.5.4:
  version "0.5.4"
  resolved "https://registry.npmjs.org/content-disposition/-/content-disposition-0.5.4.tgz"
  integrity sha512-FveZTNuGw04cxlAiWbzi6zTAL/lhehaWbTtgluJh4/E95DqMwTmha3KZN1aAWA8cFIhHzMZUvLevkw5Rqk+tSQ==
  dependencies:
    safe-buffer "5.2.1"

content-type@~1.0.4, content-type@~1.0.5:
  version "1.0.5"
  resolved "https://registry.npmjs.org/content-type/-/content-type-1.0.5.tgz"
  integrity sha512-nTjqfcBFEipKdXCv4YDQWCfmcLZKm81ldF0pAopTvyrFGVbcR6P/VAAd5G7N+0tTr8QqiU0tFadD6FK4NtJwOA==

cookie-signature@1.0.6:
  version "1.0.6"
  resolved "https://registry.npmjs.org/cookie-signature/-/cookie-signature-1.0.6.tgz"
  integrity sha512-QADzlaHc8icV8I7vbaJXJwod9HWYp8uCqf1xa4OfNu1T7JVxQIrUgOWtHdNDtPiywmFbiS12VjotIXLrKM3orQ==

cookie@^0.6.0:
  version "0.6.0"
  resolved "https://registry.npmjs.org/cookie/-/cookie-0.6.0.tgz"
  integrity sha512-U71cyTamuh1CRNCfpGY6to28lxvNwPG4Guz/EVjgf3Jmzv0vlDp1atT9eS5dDjMYHucpHbWns6Lwf3BKz6svdw==

cookie@0.7.1:
  version "0.7.1"
  resolved "https://registry.npmjs.org/cookie/-/cookie-0.7.1.tgz"
  integrity sha512-6DnInpx7SJ2AK3+CTUE/ZM0vWTUboZCegxhC2xiIydHR9jNuTAASBrfEpHhiGOZw/nX51bHt6YQl8jsGo4y/0w==

debug@^4.3.7, debug@^4.4.0:
  version "4.4.0"
  resolved "https://registry.npmjs.org/debug/-/debug-4.4.0.tgz"
  integrity sha512-6WTZ/IxCY/T6BALoZHaE4ctp9xm+Z5kY/pzYaCHRFeyVhojxlrm+46y68HA6hr0TcwEssoxNiDEUJQjfPZ/RYA==
  dependencies:
    ms "^2.1.3"

debug@2.6.9:
  version "2.6.9"
  resolved "https://registry.npmjs.org/debug/-/debug-2.6.9.tgz"
  integrity sha512-bC7ElrdJaJnPbAP+1EotYvqZsb3ecl5wi6Bfi6BJTUcNowp6cvspg0jXznRTKDjm/E7AdgFBVeAPVMNcKGsHMA==
  dependencies:
    ms "2.0.0"

deepmerge@^4.3.1:
  version "4.3.1"
  resolved "https://registry.npmjs.org/deepmerge/-/deepmerge-4.3.1.tgz"
  integrity sha512-3sUqbMEc77XqpdNO7FRyRog+eW3ph+GYCbj+rK+uYyRMuwsVy0rMiVtPn+QJlKFvWP/1PYpapqYn0Me2knFn+A==

depd@2.0.0:
  version "2.0.0"
  resolved "https://registry.npmjs.org/depd/-/depd-2.0.0.tgz"
  integrity sha512-g7nH6P6dyDioJogAAGprGpCtVImJhpPk/roCzdb3fIh61/s/nPsfR6onyMwkCAR/OlC3yBC0lESvUoQEAssIrw==

destroy@1.2.0:
  version "1.2.0"
  resolved "https://registry.npmjs.org/destroy/-/destroy-1.2.0.tgz"
  integrity sha512-2sJGJTaXIIaR1w4iJSNoN0hnMY7Gpc/n8D4qSCJw8QqFWXf7cuAgnEHxBpweaVcPevC2l3KpjYCx3NypQQgaJg==

devalue@^5.1.0:
  version "5.1.1"
  resolved "https://registry.npmjs.org/devalue/-/devalue-5.1.1.tgz"
  integrity sha512-maua5KUiapvEwiEAe+XnlZ3Rh0GD+qI1J/nb9vrJc3muPXvcF/8gXYTWF76+5DAqHyDUtOIImEuo0YKE9mshVw==

dunder-proto@^1.0.1:
  version "1.0.1"
  resolved "https://registry.npmjs.org/dunder-proto/-/dunder-proto-1.0.1.tgz"
  integrity sha512-KIN/nDJBQRcXw0MLVhZE9iQHmG68qAVIBg9CqmUYjmQIhgij9U5MFvrqkUL5FbtyyzZuOeOt0zdeRe4UY7ct+A==
  dependencies:
    call-bind-apply-helpers "^1.0.1"
    es-errors "^1.3.0"
    gopd "^1.2.0"

ee-first@1.1.1:
  version "1.1.1"
  resolved "https://registry.npmjs.org/ee-first/-/ee-first-1.1.1.tgz"
  integrity sha512-WMwm9LhRUo+WUaRN+vRuETqG89IgZphVSNkdFgeb6sS/E4OrDIN7t48CAewSHXc6C8lefD8KKfr5vY61brQlow==

encodeurl@~1.0.2:
  version "1.0.2"
  resolved "https://registry.npmjs.org/encodeurl/-/encodeurl-1.0.2.tgz"
  integrity sha512-TPJXq8JqFaVYm2CWmPvnP2Iyo4ZSM7/QKcSmuMLDObfpH5fi7RUGmd/rTDf+rut/saiDiQEeVTNgAmJEdAOx0w==

encodeurl@~2.0.0:
  version "2.0.0"
  resolved "https://registry.npmjs.org/encodeurl/-/encodeurl-2.0.0.tgz"
  integrity sha512-Q0n9HRi4m6JuGIV1eFlmvJB7ZEVxu93IrMyiMsGC0lrMJMWzRgx6WGquyfQgZVb31vhGgXnfmPNNXmxnOkRBrg==

es-define-property@^1.0.1:
  version "1.0.1"
  resolved "https://registry.npmjs.org/es-define-property/-/es-define-property-1.0.1.tgz"
  integrity sha512-e3nRfgfUZ4rNGL232gUgX06QNyyez04KdjFrF+LTRoOXmrOgFKDg4BCdsjW8EnT69eqdYGmRpJwiPVYNrCaW3g==

es-errors@^1.3.0:
  version "1.3.0"
  resolved "https://registry.npmjs.org/es-errors/-/es-errors-1.3.0.tgz"
  integrity sha512-Zf5H2Kxt2xjTvbJvP2ZWLEICxA6j+hAmMzIlypy4xcBg1vKVnx89Wy0GbS+kf5cwCVFFzdCFh2XSCFNULS6csw==

es-object-atoms@^1.0.0:
  version "1.1.1"
  resolved "https://registry.npmjs.org/es-object-atoms/-/es-object-atoms-1.1.1.tgz"
  integrity sha512-FGgH2h8zKNim9ljj7dankFPcICIK9Cp5bm+c2gQSYePhpaG5+esrLODihIorn+Pe6FGJzWhXQotPv73jTaldXA==
  dependencies:
    es-errors "^1.3.0"

esbuild@^0.24.2:
  version "0.24.2"
  resolved "https://registry.npmjs.org/esbuild/-/esbuild-0.24.2.tgz"
  integrity sha512-+9egpBW8I3CD5XPe0n6BfT5fxLzxrlDzqydF3aviG+9ni1lDC/OvMHcxqEFV0+LANZG5R1bFMWfUrjVsdwxJvA==
  optionalDependencies:
    "@esbuild/aix-ppc64" "0.24.2"
    "@esbuild/android-arm" "0.24.2"
    "@esbuild/android-arm64" "0.24.2"
    "@esbuild/android-x64" "0.24.2"
    "@esbuild/darwin-arm64" "0.24.2"
    "@esbuild/darwin-x64" "0.24.2"
    "@esbuild/freebsd-arm64" "0.24.2"
    "@esbuild/freebsd-x64" "0.24.2"
    "@esbuild/linux-arm" "0.24.2"
    "@esbuild/linux-arm64" "0.24.2"
    "@esbuild/linux-ia32" "0.24.2"
    "@esbuild/linux-loong64" "0.24.2"
    "@esbuild/linux-mips64el" "0.24.2"
    "@esbuild/linux-ppc64" "0.24.2"
    "@esbuild/linux-riscv64" "0.24.2"
    "@esbuild/linux-s390x" "0.24.2"
    "@esbuild/linux-x64" "0.24.2"
    "@esbuild/netbsd-arm64" "0.24.2"
    "@esbuild/netbsd-x64" "0.24.2"
    "@esbuild/openbsd-arm64" "0.24.2"
    "@esbuild/openbsd-x64" "0.24.2"
    "@esbuild/sunos-x64" "0.24.2"
    "@esbuild/win32-arm64" "0.24.2"
    "@esbuild/win32-ia32" "0.24.2"
    "@esbuild/win32-x64" "0.24.2"

escape-html@~1.0.3:
  version "1.0.3"
  resolved "https://registry.npmjs.org/escape-html/-/escape-html-1.0.3.tgz"
  integrity sha512-NiSupZ4OeuGwr68lGIeym/ksIZMJodUGOSCZ/FSnTxcrekbvqrgdUxlJOMpijaKZVjAJrWrGs/6Jy8OMuyj9ow==

esm-env@^1.2.1, esm-env@^1.2.2:
  version "1.2.2"
  resolved "https://registry.npmjs.org/esm-env/-/esm-env-1.2.2.tgz"
  integrity sha512-Epxrv+Nr/CaL4ZcFGPJIYLWFom+YeV1DqMLHJoEd9SYRxNbaFruBwfEX/kkHUJf55j2+TUbmDcmuilbP1TmXHA==

esrap@^1.4.3:
  version "1.4.3"
  resolved "https://registry.npmjs.org/esrap/-/esrap-1.4.3.tgz"
  integrity sha512-Xddc1RsoFJ4z9nR7W7BFaEPIp4UXoeQ0+077UdWLxbafMQFyU79sQJMk7kxNgRwQ9/aVgaKacCHC2pUACGwmYw==
  dependencies:
    "@jridgewell/sourcemap-codec" "^1.4.15"

etag@~1.8.1:
  version "1.8.1"
  resolved "https://registry.npmjs.org/etag/-/etag-1.8.1.tgz"
  integrity sha512-aIL5Fx7mawVa300al2BnEE4iNvo1qETxLrPI/o05L7z6go7fCw1J6EQmbK4FmJ2AS7kgVF/KEZWufBfdClMcPg==

express@^4.21.2:
  version "4.21.2"
  resolved "https://registry.npmjs.org/express/-/express-4.21.2.tgz"
  integrity sha512-28HqgMZAmih1Czt9ny7qr6ek2qddF4FclbMzwhCREB6OFfH+rXAnuNCwo1/wFvrtbgsQDb4kSbX9de9lFbrXnA==
  dependencies:
    accepts "~1.3.8"
    array-flatten "1.1.1"
    body-parser "1.20.3"
    content-disposition "0.5.4"
    content-type "~1.0.4"
    cookie "0.7.1"
    cookie-signature "1.0.6"
    debug "2.6.9"
    depd "2.0.0"
    encodeurl "~2.0.0"
    escape-html "~1.0.3"
    etag "~1.8.1"
    finalhandler "1.3.1"
    fresh "0.5.2"
    http-errors "2.0.0"
    merge-descriptors "1.0.3"
    methods "~1.1.2"
    on-finished "2.4.1"
    parseurl "~1.3.3"
    path-to-regexp "0.1.12"
    proxy-addr "~2.0.7"
    qs "6.13.0"
    range-parser "~1.2.1"
    safe-buffer "5.2.1"
    send "0.19.0"
    serve-static "1.16.2"
    setprototypeof "1.2.0"
    statuses "2.0.1"
    type-is "~1.6.18"
    utils-merge "1.0.1"
    vary "~1.1.2"

finalhandler@1.3.1:
  version "1.3.1"
  resolved "https://registry.npmjs.org/finalhandler/-/finalhandler-1.3.1.tgz"
  integrity sha512-6BN9trH7bp3qvnrRyzsBz+g3lZxTNZTbVO2EV1CS0WIcDbawYVdYvGflME/9QP0h0pYlCDBCTjYa9nZzMDpyxQ==
  dependencies:
    debug "2.6.9"
    encodeurl "~2.0.0"
    escape-html "~1.0.3"
    on-finished "2.4.1"
    parseurl "~1.3.3"
    statuses "2.0.1"
    unpipe "~1.0.0"

forwarded@0.2.0:
  version "0.2.0"
  resolved "https://registry.npmjs.org/forwarded/-/forwarded-0.2.0.tgz"
  integrity sha512-buRG0fpBtRHSTCOASe6hD258tEubFoRLb4ZNA6NxMVHNw2gOcwHo9wyablzMzOA5z9xA9L1KNjk/Nt6MT9aYow==

fresh@0.5.2:
  version "0.5.2"
  resolved "https://registry.npmjs.org/fresh/-/fresh-0.5.2.tgz"
  integrity sha512-zJ2mQYM18rEFOudeV4GShTGIQ7RbzA7ozbU9I/XBpm7kqgMywgmylMwXHxZJmkVoYkna9d2pVXVXPdYTP9ej8Q==

function-bind@^1.1.2:
  version "1.1.2"
  resolved "https://registry.npmjs.org/function-bind/-/function-bind-1.1.2.tgz"
  integrity sha512-7XHNxH7qX9xG5mIwxkhumTox/MIRNcOgDrxWsMt2pAr23WHp6MrRlN7FBSFpCpr+oVO0F744iUgR82nJMfG2SA==

get-intrinsic@^1.2.5, get-intrinsic@^1.2.6:
  version "1.2.7"
  resolved "https://registry.npmjs.org/get-intrinsic/-/get-intrinsic-1.2.7.tgz"
  integrity sha512-VW6Pxhsrk0KAOqs3WEd0klDiF/+V7gQOpAvY1jVU/LHmaD/kQO4523aiJuikX/QAKYiW6x8Jh+RJej1almdtCA==
  dependencies:
    call-bind-apply-helpers "^1.0.1"
    es-define-property "^1.0.1"
    es-errors "^1.3.0"
    es-object-atoms "^1.0.0"
    function-bind "^1.1.2"
    get-proto "^1.0.0"
    gopd "^1.2.0"
    has-symbols "^1.1.0"
    hasown "^2.0.2"
    math-intrinsics "^1.1.0"

get-proto@^1.0.0:
  version "1.0.1"
  resolved "https://registry.npmjs.org/get-proto/-/get-proto-1.0.1.tgz"
  integrity sha512-sTSfBjoXBp89JvIKIefqw7U2CCebsc74kiY6awiGogKtoSGbgjYE/G/+l9sF3MWFPNc9IcoOC4ODfKHfxFmp0g==
  dependencies:
    dunder-proto "^1.0.1"
    es-object-atoms "^1.0.0"

gopd@^1.2.0:
  version "1.2.0"
  resolved "https://registry.npmjs.org/gopd/-/gopd-1.2.0.tgz"
  integrity sha512-ZUKRh6/kUFoAiTAtTYPZJ3hw9wNxx+BIBOijnlG9PnrJsCcSjs1wyyD6vJpaYtgnzDrKYRSqf3OO6Rfa93xsRg==

has-symbols@^1.1.0:
  version "1.1.0"
  resolved "https://registry.npmjs.org/has-symbols/-/has-symbols-1.1.0.tgz"
  integrity sha512-1cDNdwJ2Jaohmb3sg4OmKaMBwuC48sYni5HUw2DvsC8LjGTLK9h+eb1X6RyuOHe4hT0ULCW68iomhjUoKUqlPQ==

hasown@^2.0.2:
  version "2.0.2"
  resolved "https://registry.npmjs.org/hasown/-/hasown-2.0.2.tgz"
  integrity sha512-0hJU9SCPvmMzIBdZFqNPXWa6dqh7WdH0cII9y+CyS8rG3nL48Bclra9HmKhVVUHyPWNH5Y7xDwAB7bfgSjkUMQ==
  dependencies:
    function-bind "^1.1.2"

http-errors@2.0.0:
  version "2.0.0"
  resolved "https://registry.npmjs.org/http-errors/-/http-errors-2.0.0.tgz"
  integrity sha512-FtwrG/euBzaEjYeRqOgly7G0qviiXoJWnvEH2Z1plBdXgbyjv34pHTSb9zoeHMyDy33+DWy5Wt9Wo+TURtOYSQ==
  dependencies:
    depd "2.0.0"
    inherits "2.0.4"
    setprototypeof "1.2.0"
    statuses "2.0.1"
    toidentifier "1.0.1"

iconv-lite@0.4.24:
  version "0.4.24"
  resolved "https://registry.npmjs.org/iconv-lite/-/iconv-lite-0.4.24.tgz"
  integrity sha512-v3MXnZAcvnywkTUEZomIActle7RXXeedOR31wwl7VlyoXO4Qi9arvSenNQWne1TcRwhCL1HwLI21bEqdpj8/rA==
  dependencies:
    safer-buffer ">= 2.1.2 < 3"

import-meta-resolve@^4.1.0:
  version "4.1.0"
  resolved "https://registry.npmjs.org/import-meta-resolve/-/import-meta-resolve-4.1.0.tgz"
  integrity sha512-I6fiaX09Xivtk+THaMfAwnA3MVA5Big1WHF1Dfx9hFuvNIWpXnorlkzhcQf6ehrqQiiZECRt1poOAkPmer3ruw==

inherits@2.0.4:
  version "2.0.4"
  resolved "https://registry.npmjs.org/inherits/-/inherits-2.0.4.tgz"
  integrity sha512-k/vGaX4/Yla3WzyMCvTQOXYeIHvqOKtnqBduzTHpzpQZzAskKMhZ2K+EnBiSM9zGSoIFeMpXKxa4dYeZIQqewQ==

ipaddr.js@1.9.1:
  version "1.9.1"
  resolved "https://registry.npmjs.org/ipaddr.js/-/ipaddr.js-1.9.1.tgz"
  integrity sha512-0KI/607xoxSToH7GjN1FfSbLoU0+btTicjsQSWQlh/hZykN8KpmMf7uYwPW3R+akZ6R/w18ZlXSHBYXiYUPO3g==

is-reference@^3.0.3:
  version "3.0.3"
  resolved "https://registry.npmjs.org/is-reference/-/is-reference-3.0.3.tgz"
  integrity sha512-ixkJoqQvAP88E6wLydLGGqCJsrFUnqoH6HnaczB8XmDH1oaWU+xxdptvikTgaEhtZ53Ky6YXiBuUI2WXLMCwjw==
  dependencies:
    "@types/estree" "^1.0.6"

kleur@^4.1.5:
  version "4.1.5"
  resolved "https://registry.npmjs.org/kleur/-/kleur-4.1.5.tgz"
  integrity sha512-o+NO+8WrRiQEE4/7nwRJhN1HWpVmJm511pBHUxPLtp0BUISzlBplORYSmTclCnJvQq2tKu/sgl3xVpkc7ZWuQQ==

locate-character@^3.0.0:
  version "3.0.0"
  resolved "https://registry.npmjs.org/locate-character/-/locate-character-3.0.0.tgz"
  integrity sha512-SW13ws7BjaeJ6p7Q6CO2nchbYEc3X3J6WrmTTDto7yMPqVSZTUyY5Tjbid+Ab8gLnATtygYtiDIJGQRRn2ZOiA==

magic-string@^0.30.11, magic-string@^0.30.15, magic-string@^0.30.5:
  version "0.30.17"
  resolved "https://registry.npmjs.org/magic-string/-/magic-string-0.30.17.tgz"
  integrity sha512-sNPKHvyjVf7gyjwS4xGTaW/mCnF8wnjtifKBEhxfZ7E/S8tQ0rssrwGNn6q8JH/ohItJfSQp9mBtQYuTlH5QnA==
  dependencies:
    "@jridgewell/sourcemap-codec" "^1.5.0"

math-intrinsics@^1.1.0:
  version "1.1.0"
  resolved "https://registry.npmjs.org/math-intrinsics/-/math-intrinsics-1.1.0.tgz"
  integrity sha512-/IXtbwEk5HTPyEwyKX6hGkYXxM9nbj64B+ilVJnC/R6B0pH5G4V3b0pVbL7DBj4tkhBAppbQUlf6F6Xl9LHu1g==

media-typer@0.3.0:
  version "0.3.0"
  resolved "https://registry.npmjs.org/media-typer/-/media-typer-0.3.0.tgz"
  integrity sha512-dq+qelQ9akHpcOl/gUVRTxVIOkAJ1wR3QAvb4RsVjS8oVoFjDGTc679wJYmUmknUF5HwMLOgb5O+a3KxfWapPQ==

merge-descriptors@1.0.3:
  version "1.0.3"
  resolved "https://registry.npmjs.org/merge-descriptors/-/merge-descriptors-1.0.3.tgz"
  integrity sha512-gaNvAS7TZ897/rVaZ0nMtAyxNyi/pdbjbAwUpFQpN70GqnVfOiXpeUUMKRBmzXaSQ8DdTX4/0ms62r2K+hE6mQ==

methods@~1.1.2:
  version "1.1.2"
  resolved "https://registry.npmjs.org/methods/-/methods-1.1.2.tgz"
  integrity sha512-iclAHeNqNm68zFtnZ0e+1L2yUIdvzNoauKU4WBA3VvH/vPFieF7qfRlwUZU+DA9P9bPXIS90ulxoUoCH23sV2w==

mime-db@1.52.0:
  version "1.52.0"
  resolved "https://registry.npmjs.org/mime-db/-/mime-db-1.52.0.tgz"
  integrity sha512-sPU4uV7dYlvtWJxwwxHD0PuihVNiE7TyAbQ5SWxDCB9mUYvOgroQOwYQQOKPJ8CIbE+1ETVlOoK1UC2nU3gYvg==

mime-types@~2.1.24, mime-types@~2.1.34:
  version "2.1.35"
  resolved "https://registry.npmjs.org/mime-types/-/mime-types-2.1.35.tgz"
  integrity sha512-ZDY+bPm5zTTF+YpCrAU9nK0UgICYPT0QtT1NZWFv4s++TNkcgVaT0g6+4R2uI4MjQjzysHB1zxuWL50hzaeXiw==
  dependencies:
    mime-db "1.52.0"

mime@1.6.0:
  version "1.6.0"
  resolved "https://registry.npmjs.org/mime/-/mime-1.6.0.tgz"
  integrity sha512-x0Vn8spI+wuJ1O6S7gnbaQg8Pxh4NNHb7KSINmEWKiPE4RKOplvijn+NkmYmmRgP68mc70j2EbeTFRsrswaQeg==

mri@^1.1.0:
  version "1.2.0"
  resolved "https://registry.npmjs.org/mri/-/mri-1.2.0.tgz"
  integrity sha512-tzzskb3bG8LvYGFF/mDTpq3jpI6Q9wc3LEmBaghu+DdCssd1FakN7Bc0hVNmEyGq1bq3RgfkCb3cmQLpNPOroA==

mrmime@^2.0.0:
  version "2.0.0"
  resolved "https://registry.npmjs.org/mrmime/-/mrmime-2.0.0.tgz"
  integrity sha512-eu38+hdgojoyq63s+yTpN4XMBdt5l8HhMhc4VKLO9KM5caLIBvUm4thi7fFaxyTmCKeNnXZ5pAlBwCUnhA09uw==

ms@^2.1.3, ms@2.1.3:
  version "2.1.3"
  resolved "https://registry.npmjs.org/ms/-/ms-2.1.3.tgz"
  integrity sha512-6FlzubTLZG3J2a/NVCAleEhjzq5oxgHyaCU9yYXvcLsvoVaHJq/s5xXI6/XXP6tz7R9xAOtHnSO/tXtF3WRTlA==

ms@2.0.0:
  version "2.0.0"
  resolved "https://registry.npmjs.org/ms/-/ms-2.0.0.tgz"
  integrity sha512-Tpp60P6IUJDTuOq/5Z8cdskzJujfwqfOTkrwIwj7IRISpnkJnT6SyJ4PCPnGMoFjC9ddhal5KVIYtAt97ix05A==

nanoid@^3.3.8:
  version "3.3.8"
  resolved "https://registry.npmjs.org/nanoid/-/nanoid-3.3.8.tgz"
  integrity sha512-WNLf5Sd8oZxOm+TzppcYk8gVOgP+l58xNy58D0nbUnOxOWRWvlcCV4kUF7ltmI6PsrLl/BgKEyS4mqsGChFN0w==

negotiator@0.6.3:
  version "0.6.3"
  resolved "https://registry.npmjs.org/negotiator/-/negotiator-0.6.3.tgz"
  integrity sha512-+EUsqGPLsM+j/zdChZjsnX51g4XrHFOIXwfnCVPGlQk/k5giakcKsuxCObBRu6DSm9opw/O6slWbJdghQM4bBg==

object-inspect@^1.13.3:
  version "1.13.4"
  resolved "https://registry.npmjs.org/object-inspect/-/object-inspect-1.13.4.tgz"
  integrity sha512-W67iLl4J2EXEGTbfeHCffrjDfitvLANg0UlX3wFUUSTx92KXRFegMHUVgSqE+wvhAbi4WqjGg9czysTV2Epbew==

on-finished@2.4.1:
  version "2.4.1"
  resolved "https://registry.npmjs.org/on-finished/-/on-finished-2.4.1.tgz"
  integrity sha512-oVlzkg3ENAhCk2zdv7IJwd/QUD4z2RxRwpkcGY8psCVcCYZNq4wYnVWALHM+brtuJjePWiYF/ClmuDr8Ch5+kg==
  dependencies:
    ee-first "1.1.1"

parseurl@~1.3.3:
  version "1.3.3"
  resolved "https://registry.npmjs.org/parseurl/-/parseurl-1.3.3.tgz"
  integrity sha512-CiyeOxFT/JZyN5m0z9PfXw4SCBJ6Sygz1Dpl0wqjlhDEGGBP1GnsUVEL0p63hoG1fcj3fHynXi9NYO4nWOL+qQ==

path-to-regexp@0.1.12:
  version "0.1.12"
  resolved "https://registry.npmjs.org/path-to-regexp/-/path-to-regexp-0.1.12.tgz"
  integrity sha512-RA1GjUVMnvYFxuqovrEqZoxxW5NUZqbwKtYz/Tt7nXerk0LbLblQmrsgdeOxV5SFHf0UDggjS/bSeOZwt1pmEQ==

picocolors@^1.1.1:
  version "1.1.1"
  resolved "https://registry.npmjs.org/picocolors/-/picocolors-1.1.1.tgz"
  integrity sha512-xceH2snhtb5M9liqDsmEw56le376mTZkEX/jEb/RxNFyegNul7eNslCXP9FDj/Lcu0X8KEyMceP2ntpaHrDEVA==

postcss@^8.5.1:
  version "8.5.1"
  resolved "https://registry.npmjs.org/postcss/-/postcss-8.5.1.tgz"
  integrity sha512-6oz2beyjc5VMn/KV1pPw8fliQkhBXrVn1Z3TVyqZxU8kZpzEKhBdmCFqI6ZbmGtamQvQGuU1sgPTk8ZrXDD7jQ==
  dependencies:
    nanoid "^3.3.8"
    picocolors "^1.1.1"
    source-map-js "^1.2.1"

proxy-addr@~2.0.7:
  version "2.0.7"
  resolved "https://registry.npmjs.org/proxy-addr/-/proxy-addr-2.0.7.tgz"
  integrity sha512-llQsMLSUDUPT44jdrU/O37qlnifitDP+ZwrmmZcoSKyLKvtZxpyV0n2/bD/N4tBAAZ/gJEdZU7KMraoK1+XYAg==
  dependencies:
    forwarded "0.2.0"
    ipaddr.js "1.9.1"

qs@6.13.0:
  version "6.13.0"
  resolved "https://registry.npmjs.org/qs/-/qs-6.13.0.tgz"
  integrity sha512-+38qI9SOr8tfZ4QmJNplMUxqjbe7LKvvZgWdExBOmd+egZTtjLB67Gu0HRX3u/XOq7UU2Nx6nsjvS16Z9uwfpg==
  dependencies:
    side-channel "^1.0.6"

range-parser@~1.2.1:
  version "1.2.1"
  resolved "https://registry.npmjs.org/range-parser/-/range-parser-1.2.1.tgz"
  integrity sha512-Hrgsx+orqoygnmhFbKaHE6c296J+HTAQXoxEF6gNupROmmGJRoyzfG3ccAveqCBrwr/2yxQ5BVd/GTl5agOwSg==

raw-body@2.5.2:
  version "2.5.2"
  resolved "https://registry.npmjs.org/raw-body/-/raw-body-2.5.2.tgz"
  integrity sha512-8zGqypfENjCIqGhgXToC8aB2r7YrBX+AQAfIPs/Mlk+BtPTztOvTS01NRW/3Eh60J+a48lt8qsCzirQ6loCVfA==
  dependencies:
    bytes "3.1.2"
    http-errors "2.0.0"
    iconv-lite "0.4.24"
    unpipe "1.0.0"

rollup@^4.30.1:
  version "4.34.3"
  resolved "https://registry.npmjs.org/rollup/-/rollup-4.34.3.tgz"
  integrity sha512-ORCtU0UBJyiAIn9m0llUXJXAswG/68pZptCrqxHG7//Z2DDzAUeyyY5hqf4XrsGlUxscMr9GkQ2QI7KTLqeyPw==
  dependencies:
    "@types/estree" "1.0.6"
  optionalDependencies:
    "@rollup/rollup-android-arm-eabi" "4.34.3"
    "@rollup/rollup-android-arm64" "4.34.3"
    "@rollup/rollup-darwin-arm64" "4.34.3"
    "@rollup/rollup-darwin-x64" "4.34.3"
    "@rollup/rollup-freebsd-arm64" "4.34.3"
    "@rollup/rollup-freebsd-x64" "4.34.3"
    "@rollup/rollup-linux-arm-gnueabihf" "4.34.3"
    "@rollup/rollup-linux-arm-musleabihf" "4.34.3"
    "@rollup/rollup-linux-arm64-gnu" "4.34.3"
    "@rollup/rollup-linux-arm64-musl" "4.34.3"
    "@rollup/rollup-linux-loongarch64-gnu" "4.34.3"
    "@rollup/rollup-linux-powerpc64le-gnu" "4.34.3"
    "@rollup/rollup-linux-riscv64-gnu" "4.34.3"
    "@rollup/rollup-linux-s390x-gnu" "4.34.3"
    "@rollup/rollup-linux-x64-gnu" "4.34.3"
    "@rollup/rollup-linux-x64-musl" "4.34.3"
    "@rollup/rollup-win32-arm64-msvc" "4.34.3"
    "@rollup/rollup-win32-ia32-msvc" "4.34.3"
    "@rollup/rollup-win32-x64-msvc" "4.34.3"
    fsevents "~2.3.2"

sade@^1.8.1:
  version "1.8.1"
  resolved "https://registry.npmjs.org/sade/-/sade-1.8.1.tgz"
  integrity sha512-xal3CZX1Xlo/k4ApwCFrHVACi9fBqJ7V+mwhBsuf/1IOKbBy098Fex+Wa/5QMubw09pSZ/u8EY8PWgevJsXp1A==
  dependencies:
    mri "^1.1.0"

safe-buffer@5.2.1:
  version "5.2.1"
  resolved "https://registry.npmjs.org/safe-buffer/-/safe-buffer-5.2.1.tgz"
  integrity sha512-rp3So07KcdmmKbGvgaNxQSJr7bGVSVk5S9Eq1F+ppbRo70+YeaDxkw5Dd8NPN+GD6bjnYm2VuPuCXmpuYvmCXQ==

"safer-buffer@>= 2.1.2 < 3":
  version "2.1.2"
  resolved "https://registry.npmjs.org/safer-buffer/-/safer-buffer-2.1.2.tgz"
  integrity sha512-YZo3K82SD7Riyi0E1EQPojLz7kpepnSQI9IyPbHHg1XXXevb5dJI7tpyN2ADxGcQbHG7vcyRHk0cbwqcQriUtg==

send@0.19.0:
  version "0.19.0"
  resolved "https://registry.npmjs.org/send/-/send-0.19.0.tgz"
  integrity sha512-dW41u5VfLXu8SJh5bwRmyYUbAoSB3c9uQh6L8h/KtsFREPWpbX1lrljJo186Jc4nmci/sGUZ9a0a0J2zgfq2hw==
  dependencies:
    debug "2.6.9"
    depd "2.0.0"
    destroy "1.2.0"
    encodeurl "~1.0.2"
    escape-html "~1.0.3"
    etag "~1.8.1"
    fresh "0.5.2"
    http-errors "2.0.0"
    mime "1.6.0"
    ms "2.1.3"
    on-finished "2.4.1"
    range-parser "~1.2.1"
    statuses "2.0.1"

serve-static@1.16.2:
  version "1.16.2"
  resolved "https://registry.npmjs.org/serve-static/-/serve-static-1.16.2.tgz"
  integrity sha512-VqpjJZKadQB/PEbEwvFdO43Ax5dFBZ2UECszz8bQ7pi7wt//PWe1P6MN7eCnjsatYtBT6EuiClbjSWP2WrIoTw==
  dependencies:
    encodeurl "~2.0.0"
    escape-html "~1.0.3"
    parseurl "~1.3.3"
    send "0.19.0"

set-cookie-parser@^2.6.0:
  version "2.7.1"
  resolved "https://registry.npmjs.org/set-cookie-parser/-/set-cookie-parser-2.7.1.tgz"
  integrity sha512-IOc8uWeOZgnb3ptbCURJWNjWUPcO3ZnTTdzsurqERrP6nPyv+paC55vJM0LpOlT2ne+Ix+9+CRG1MNLlyZ4GjQ==

setprototypeof@1.2.0:
  version "1.2.0"
  resolved "https://registry.npmjs.org/setprototypeof/-/setprototypeof-1.2.0.tgz"
  integrity sha512-E5LDX7Wrp85Kil5bhZv46j8jOeboKq5JMmYM3gVGdGH8xFpPWXUMsNrlODCrkoxMEeNi/XZIwuRvY4XNwYMJpw==

side-channel-list@^1.0.0:
  version "1.0.0"
  resolved "https://registry.npmjs.org/side-channel-list/-/side-channel-list-1.0.0.tgz"
  integrity sha512-FCLHtRD/gnpCiCHEiJLOwdmFP+wzCmDEkc9y7NsYxeF4u7Btsn1ZuwgwJGxImImHicJArLP4R0yX4c2KCrMrTA==
  dependencies:
    es-errors "^1.3.0"
    object-inspect "^1.13.3"

side-channel-map@^1.0.1:
  version "1.0.1"
  resolved "https://registry.npmjs.org/side-channel-map/-/side-channel-map-1.0.1.tgz"
  integrity sha512-VCjCNfgMsby3tTdo02nbjtM/ewra6jPHmpThenkTYh8pG9ucZ/1P8So4u4FGBek/BjpOVsDCMoLA/iuBKIFXRA==
  dependencies:
    call-bound "^1.0.2"
    es-errors "^1.3.0"
    get-intrinsic "^1.2.5"
    object-inspect "^1.13.3"

side-channel-weakmap@^1.0.2:
  version "1.0.2"
  resolved "https://registry.npmjs.org/side-channel-weakmap/-/side-channel-weakmap-1.0.2.tgz"
  integrity sha512-WPS/HvHQTYnHisLo9McqBHOJk2FkHO/tlpvldyrnem4aeQp4hai3gythswg6p01oSoTl58rcpiFAjF2br2Ak2A==
  dependencies:
    call-bound "^1.0.2"
    es-errors "^1.3.0"
    get-intrinsic "^1.2.5"
    object-inspect "^1.13.3"
    side-channel-map "^1.0.1"

side-channel@^1.0.6:
  version "1.1.0"
  resolved "https://registry.npmjs.org/side-channel/-/side-channel-1.1.0.tgz"
  integrity sha512-ZX99e6tRweoUXqR+VBrslhda51Nh5MTQwou5tnUDgbtyM0dBgmhEDtWGP/xbKn6hqfPRHujUNwz5fy/wbbhnpw==
  dependencies:
    es-errors "^1.3.0"
    object-inspect "^1.13.3"
    side-channel-list "^1.0.0"
    side-channel-map "^1.0.1"
    side-channel-weakmap "^1.0.2"

sirv@^3.0.0:
  version "3.0.0"
  resolved "https://registry.npmjs.org/sirv/-/sirv-3.0.0.tgz"
  integrity sha512-BPwJGUeDaDCHihkORDchNyyTvWFhcusy1XMmhEVTQTwGeybFbp8YEmB+njbPnth1FibULBSBVwCQni25XlCUDg==
  dependencies:
    "@polka/url" "^1.0.0-next.24"
    mrmime "^2.0.0"
    totalist "^3.0.0"

source-map-js@^1.2.1:
  version "1.2.1"
  resolved "https://registry.npmjs.org/source-map-js/-/source-map-js-1.2.1.tgz"
  integrity sha512-UXWMKhLOwVKb728IUtQPXxfYU+usdybtUrK/8uGE8CQMvrhOpwvzDBwj0QhSL7MQc7vIsISBG8VQ8+IDQxpfQA==

statuses@2.0.1:
  version "2.0.1"
  resolved "https://registry.npmjs.org/statuses/-/statuses-2.0.1.tgz"
  integrity sha512-RwNA9Z/7PrK06rYLIzFMlaF+l73iwpzsqRIFgbMLbTcLD6cOao82TaWefPXQvB2fOC4AjuYSEndS7N/mTCbkdQ==

svelte-particles@^2.12.0:
  version "2.12.0"
  resolved "https://registry.npmjs.org/svelte-particles/-/svelte-particles-2.12.0.tgz"
  integrity sha512-DISZn5RNIt7hP9SORogWmXyIA/MCha6kkcwRCa7fl3leD1+GFHeNMSjdmyhqlfgip82g17WUFxwyA8n/8EM5KQ==
  dependencies:
    tsparticles-engine "^2.12.0"

"svelte@^4.0.0 || ^5.0.0-next.0", svelte@^5.0.0, svelte@>=3:
  version "5.19.7"
  resolved "https://registry.npmjs.org/svelte/-/svelte-5.19.7.tgz"
  integrity sha512-I0UUp2MpB5gF8aqHJVklOcRcoLgQNnBolSwLMMqDepE9gVwmGeYBmJp1/obzae72QpxdPIymA4AunIm2x70LBg==
  dependencies:
    "@ampproject/remapping" "^2.3.0"
    "@jridgewell/sourcemap-codec" "^1.5.0"
    "@types/estree" "^1.0.5"
    acorn "^8.12.1"
    acorn-typescript "^1.4.13"
    aria-query "^5.3.1"
    axobject-query "^4.1.0"
    clsx "^2.1.1"
    esm-env "^1.2.1"
    esrap "^1.4.3"
    is-reference "^3.0.3"
    locate-character "^3.0.0"
    magic-string "^0.30.11"
    zimmerframe "^1.1.2"

toidentifier@1.0.1:
  version "1.0.1"
  resolved "https://registry.npmjs.org/toidentifier/-/toidentifier-1.0.1.tgz"
  integrity sha512-o5sSPKEkg/DIQNmH43V0/uerLrpzVedkUh8tGNvaeXpfpuwjKenlSox/2O/BTlZUtEe+JG7s5YhEz608PlAHRA==

totalist@^3.0.0:
  version "3.0.1"
  resolved "https://registry.npmjs.org/totalist/-/totalist-3.0.1.tgz"
  integrity sha512-sf4i37nQ2LBx4m3wB74y+ubopq6W/dIzXg0FDGjsYnZHVa1Da8FH853wlL2gtUhg+xJXjfk3kUZS3BRoQeoQBQ==

tsparticles-basic@^2.12.0:
  version "2.12.0"
  resolved "https://registry.npmjs.org/tsparticles-basic/-/tsparticles-basic-2.12.0.tgz"
  integrity sha512-pN6FBpL0UsIUXjYbiui5+IVsbIItbQGOlwyGV55g6IYJBgdTNXgFX0HRYZGE9ZZ9psEXqzqwLM37zvWnb5AG9g==
  dependencies:
    tsparticles-engine "^2.12.0"
    tsparticles-move-base "^2.12.0"
    tsparticles-shape-circle "^2.12.0"
    tsparticles-updater-color "^2.12.0"
    tsparticles-updater-opacity "^2.12.0"
    tsparticles-updater-out-modes "^2.12.0"
    tsparticles-updater-size "^2.12.0"

tsparticles-engine@^2.12.0:
  version "2.12.0"
  resolved "https://registry.npmjs.org/tsparticles-engine/-/tsparticles-engine-2.12.0.tgz"
  integrity sha512-ZjDIYex6jBJ4iMc9+z0uPe7SgBnmb6l+EJm83MPIsOny9lPpetMsnw/8YJ3xdxn8hV+S3myTpTN1CkOVmFv0QQ==

tsparticles-interaction-external-attract@^2.12.0:
  version "2.12.0"
  resolved "https://registry.npmjs.org/tsparticles-interaction-external-attract/-/tsparticles-interaction-external-attract-2.12.0.tgz"
  integrity sha512-0roC6D1QkFqMVomcMlTaBrNVjVOpyNzxIUsjMfshk2wUZDAvTNTuWQdUpmsLS4EeSTDN3rzlGNnIuuUQqyBU5w==
  dependencies:
    tsparticles-engine "^2.12.0"

tsparticles-interaction-external-bounce@^2.12.0:
  version "2.12.0"
  resolved "https://registry.npmjs.org/tsparticles-interaction-external-bounce/-/tsparticles-interaction-external-bounce-2.12.0.tgz"
  integrity sha512-MMcqKLnQMJ30hubORtdq+4QMldQ3+gJu0bBYsQr9BsThsh8/V0xHc1iokZobqHYVP5tV77mbFBD8Z7iSCf0TMQ==
  dependencies:
    tsparticles-engine "^2.12.0"

tsparticles-interaction-external-bubble@^2.12.0:
  version "2.12.0"
  resolved "https://registry.npmjs.org/tsparticles-interaction-external-bubble/-/tsparticles-interaction-external-bubble-2.12.0.tgz"
  integrity sha512-5kImCSCZlLNccXOHPIi2Yn+rQWTX3sEa/xCHwXW19uHxtILVJlnAweayc8+Zgmb7mo0DscBtWVFXHPxrVPFDUA==
  dependencies:
    tsparticles-engine "^2.12.0"

tsparticles-interaction-external-connect@^2.12.0:
  version "2.12.0"
  resolved "https://registry.npmjs.org/tsparticles-interaction-external-connect/-/tsparticles-interaction-external-connect-2.12.0.tgz"
  integrity sha512-ymzmFPXz6AaA1LAOL5Ihuy7YSQEW8MzuSJzbd0ES13U8XjiU3HlFqlH6WGT1KvXNw6WYoqrZt0T3fKxBW3/C3A==
  dependencies:
    tsparticles-engine "^2.12.0"

tsparticles-interaction-external-grab@^2.12.0:
  version "2.12.0"
  resolved "https://registry.npmjs.org/tsparticles-interaction-external-grab/-/tsparticles-interaction-external-grab-2.12.0.tgz"
  integrity sha512-iQF/A947hSfDNqAjr49PRjyQaeRkYgTYpfNmAf+EfME8RsbapeP/BSyF6mTy0UAFC0hK2A2Hwgw72eT78yhXeQ==
  dependencies:
    tsparticles-engine "^2.12.0"

tsparticles-interaction-external-pause@^2.12.0:
  version "2.12.0"
  resolved "https://registry.npmjs.org/tsparticles-interaction-external-pause/-/tsparticles-interaction-external-pause-2.12.0.tgz"
  integrity sha512-4SUikNpsFROHnRqniL+uX2E388YTtfRWqqqZxRhY0BrijH4z04Aii3YqaGhJxfrwDKkTQlIoM2GbFT552QZWjw==
  dependencies:
    tsparticles-engine "^2.12.0"

tsparticles-interaction-external-push@^2.12.0:
  version "2.12.0"
  resolved "https://registry.npmjs.org/tsparticles-interaction-external-push/-/tsparticles-interaction-external-push-2.12.0.tgz"
  integrity sha512-kqs3V0dgDKgMoeqbdg+cKH2F+DTrvfCMrPF1MCCUpBCqBiH+TRQpJNNC86EZYHfNUeeLuIM3ttWwIkk2hllR/Q==
  dependencies:
    tsparticles-engine "^2.12.0"

tsparticles-interaction-external-remove@^2.12.0:
  version "2.12.0"
  resolved "https://registry.npmjs.org/tsparticles-interaction-external-remove/-/tsparticles-interaction-external-remove-2.12.0.tgz"
  integrity sha512-2eNIrv4m1WB2VfSVj46V2L/J9hNEZnMgFc+A+qmy66C8KzDN1G8aJUAf1inW8JVc0lmo5+WKhzex4X0ZSMghBg==
  dependencies:
    tsparticles-engine "^2.12.0"

tsparticles-interaction-external-repulse@^2.12.0:
  version "2.12.0"
  resolved "https://registry.npmjs.org/tsparticles-interaction-external-repulse/-/tsparticles-interaction-external-repulse-2.12.0.tgz"
  integrity sha512-rSzdnmgljeBCj5FPp4AtGxOG9TmTsK3AjQW0vlyd1aG2O5kSqFjR+FuT7rfdSk9LEJGH5SjPFE6cwbuy51uEWA==
  dependencies:
    tsparticles-engine "^2.12.0"

tsparticles-interaction-external-slow@^2.12.0:
  version "2.12.0"
  resolved "https://registry.npmjs.org/tsparticles-interaction-external-slow/-/tsparticles-interaction-external-slow-2.12.0.tgz"
  integrity sha512-2IKdMC3om7DttqyroMtO//xNdF0NvJL/Lx7LDo08VpfTgJJozxU+JAUT8XVT7urxhaDzbxSSIROc79epESROtA==
  dependencies:
    tsparticles-engine "^2.12.0"

tsparticles-interaction-particles-attract@^2.12.0:
  version "2.12.0"
  resolved "https://registry.npmjs.org/tsparticles-interaction-particles-attract/-/tsparticles-interaction-particles-attract-2.12.0.tgz"
  integrity sha512-Hl8qwuwF9aLq3FOkAW+Zomu7Gb8IKs6Y3tFQUQScDmrrSCaeRt2EGklAiwgxwgntmqzL7hbMWNx06CHHcUQKdQ==
  dependencies:
    tsparticles-engine "^2.12.0"

tsparticles-interaction-particles-collisions@^2.12.0:
  version "2.12.0"
  resolved "https://registry.npmjs.org/tsparticles-interaction-particles-collisions/-/tsparticles-interaction-particles-collisions-2.12.0.tgz"
  integrity sha512-Se9nPWlyPxdsnHgR6ap4YUImAu3W5MeGKJaQMiQpm1vW8lSMOUejI1n1ioIaQth9weKGKnD9rvcNn76sFlzGBA==
  dependencies:
    tsparticles-engine "^2.12.0"

tsparticles-interaction-particles-links@^2.12.0:
  version "2.12.0"
  resolved "https://registry.npmjs.org/tsparticles-interaction-particles-links/-/tsparticles-interaction-particles-links-2.12.0.tgz"
  integrity sha512-e7I8gRs4rmKfcsHONXMkJnymRWpxHmeaJIo4g2NaDRjIgeb2AcJSWKWZvrsoLnm7zvaf/cMQlbN6vQwCixYq3A==
  dependencies:
    tsparticles-engine "^2.12.0"

tsparticles-move-base@^2.12.0:
  version "2.12.0"
  resolved "https://registry.npmjs.org/tsparticles-move-base/-/tsparticles-move-base-2.12.0.tgz"
  integrity sha512-oSogCDougIImq+iRtIFJD0YFArlorSi8IW3HD2gO3USkH+aNn3ZqZNTqp321uB08K34HpS263DTbhLHa/D6BWw==
  dependencies:
    tsparticles-engine "^2.12.0"

tsparticles-move-parallax@^2.12.0:
  version "2.12.0"
  resolved "https://registry.npmjs.org/tsparticles-move-parallax/-/tsparticles-move-parallax-2.12.0.tgz"
  integrity sha512-58CYXaX8Ih5rNtYhpnH0YwU4Ks7gVZMREGUJtmjhuYN+OFr9FVdF3oDIJ9N6gY5a5AnAKz8f5j5qpucoPRcYrQ==
  dependencies:
    tsparticles-engine "^2.12.0"

tsparticles-particles.js@^2.12.0:
  version "2.12.0"
  resolved "https://registry.npmjs.org/tsparticles-particles.js/-/tsparticles-particles.js-2.12.0.tgz"
  integrity sha512-LyOuvYdhbUScmA4iDgV3LxA0HzY1DnOwQUy3NrPYO393S2YwdDjdwMod6Btq7EBUjg9FVIh+sZRizgV5elV2dg==
  dependencies:
    tsparticles-engine "^2.12.0"

tsparticles-plugin-easing-quad@^2.12.0:
  version "2.12.0"
  resolved "https://registry.npmjs.org/tsparticles-plugin-easing-quad/-/tsparticles-plugin-easing-quad-2.12.0.tgz"
  integrity sha512-2mNqez5pydDewMIUWaUhY5cNQ80IUOYiujwG6qx9spTq1D6EEPLbRNAEL8/ecPdn2j1Um3iWSx6lo340rPkv4Q==
  dependencies:
    tsparticles-engine "^2.12.0"

tsparticles-shape-circle@^2.12.0:
  version "2.12.0"
  resolved "https://registry.npmjs.org/tsparticles-shape-circle/-/tsparticles-shape-circle-2.12.0.tgz"
  integrity sha512-L6OngbAlbadG7b783x16ns3+SZ7i0SSB66M8xGa5/k+YcY7zm8zG0uPt1Hd+xQDR2aNA3RngVM10O23/Lwk65Q==
  dependencies:
    tsparticles-engine "^2.12.0"

tsparticles-shape-image@^2.12.0:
  version "2.12.0"
  resolved "https://registry.npmjs.org/tsparticles-shape-image/-/tsparticles-shape-image-2.12.0.tgz"
  integrity sha512-iCkSdUVa40DxhkkYjYuYHr9MJGVw+QnQuN5UC+e/yBgJQY+1tQL8UH0+YU/h0GHTzh5Sm+y+g51gOFxHt1dj7Q==
  dependencies:
    tsparticles-engine "^2.12.0"

tsparticles-shape-line@^2.12.0:
  version "2.12.0"
  resolved "https://registry.npmjs.org/tsparticles-shape-line/-/tsparticles-shape-line-2.12.0.tgz"
  integrity sha512-RcpKmmpKlk+R8mM5wA2v64Lv1jvXtU4SrBDv3vbdRodKbKaWGGzymzav1Q0hYyDyUZgplEK/a5ZwrfrOwmgYGA==
  dependencies:
    tsparticles-engine "^2.12.0"

tsparticles-shape-polygon@^2.12.0:
  version "2.12.0"
  resolved "https://registry.npmjs.org/tsparticles-shape-polygon/-/tsparticles-shape-polygon-2.12.0.tgz"
  integrity sha512-5YEy7HVMt1Obxd/jnlsjajchAlYMr9eRZWN+lSjcFSH6Ibra7h59YuJVnwxOxAobpijGxsNiBX0PuGQnB47pmA==
  dependencies:
    tsparticles-engine "^2.12.0"

tsparticles-shape-square@^2.12.0:
  version "2.12.0"
  resolved "https://registry.npmjs.org/tsparticles-shape-square/-/tsparticles-shape-square-2.12.0.tgz"
  integrity sha512-33vfajHqmlODKaUzyPI/aVhnAOT09V7nfEPNl8DD0cfiNikEuPkbFqgJezJuE55ebtVo7BZPDA9o7GYbWxQNuw==
  dependencies:
    tsparticles-engine "^2.12.0"

tsparticles-shape-star@^2.12.0:
  version "2.12.0"
  resolved "https://registry.npmjs.org/tsparticles-shape-star/-/tsparticles-shape-star-2.12.0.tgz"
  integrity sha512-4sfG/BBqm2qBnPLASl2L5aBfCx86cmZLXeh49Un+TIR1F5Qh4XUFsahgVOG0vkZQa+rOsZPEH04xY5feWmj90g==
  dependencies:
    tsparticles-engine "^2.12.0"

tsparticles-shape-text@^2.12.0:
  version "2.12.0"
  resolved "https://registry.npmjs.org/tsparticles-shape-text/-/tsparticles-shape-text-2.12.0.tgz"
  integrity sha512-v2/FCA+hyTbDqp2ymFOe97h/NFb2eezECMrdirHWew3E3qlvj9S/xBibjbpZva2gnXcasBwxn0+LxKbgGdP0rA==
  dependencies:
    tsparticles-engine "^2.12.0"

tsparticles-slim@^2.12.0:
  version "2.12.0"
  resolved "https://registry.npmjs.org/tsparticles-slim/-/tsparticles-slim-2.12.0.tgz"
  integrity sha512-27w9aGAAAPKHvP4LHzWFpyqu7wKyulayyaZ/L6Tuuejy4KP4BBEB4rY5GG91yvAPsLtr6rwWAn3yS+uxnBDpkA==
  dependencies:
    tsparticles-basic "^2.12.0"
    tsparticles-engine "^2.12.0"
    tsparticles-interaction-external-attract "^2.12.0"
    tsparticles-interaction-external-bounce "^2.12.0"
    tsparticles-interaction-external-bubble "^2.12.0"
    tsparticles-interaction-external-connect "^2.12.0"
    tsparticles-interaction-external-grab "^2.12.0"
    tsparticles-interaction-external-pause "^2.12.0"
    tsparticles-interaction-external-push "^2.12.0"
    tsparticles-interaction-external-remove "^2.12.0"
    tsparticles-interaction-external-repulse "^2.12.0"
    tsparticles-interaction-external-slow "^2.12.0"
    tsparticles-interaction-particles-attract "^2.12.0"
    tsparticles-interaction-particles-collisions "^2.12.0"
    tsparticles-interaction-particles-links "^2.12.0"
    tsparticles-move-base "^2.12.0"
    tsparticles-move-parallax "^2.12.0"
    tsparticles-particles.js "^2.12.0"
    tsparticles-plugin-easing-quad "^2.12.0"
    tsparticles-shape-circle "^2.12.0"
    tsparticles-shape-image "^2.12.0"
    tsparticles-shape-line "^2.12.0"
    tsparticles-shape-polygon "^2.12.0"
    tsparticles-shape-square "^2.12.0"
    tsparticles-shape-star "^2.12.0"
    tsparticles-shape-text "^2.12.0"
    tsparticles-updater-color "^2.12.0"
    tsparticles-updater-life "^2.12.0"
    tsparticles-updater-opacity "^2.12.0"
    tsparticles-updater-out-modes "^2.12.0"
    tsparticles-updater-rotate "^2.12.0"
    tsparticles-updater-size "^2.12.0"
    tsparticles-updater-stroke-color "^2.12.0"

tsparticles-updater-color@^2.12.0:
  version "2.12.0"
  resolved "https://registry.npmjs.org/tsparticles-updater-color/-/tsparticles-updater-color-2.12.0.tgz"
  integrity sha512-KcG3a8zd0f8CTiOrylXGChBrjhKcchvDJjx9sp5qpwQK61JlNojNCU35xoaSk2eEHeOvFjh0o3CXWUmYPUcBTQ==
  dependencies:
    tsparticles-engine "^2.12.0"

tsparticles-updater-life@^2.12.0:
  version "2.12.0"
  resolved "https://registry.npmjs.org/tsparticles-updater-life/-/tsparticles-updater-life-2.12.0.tgz"
  integrity sha512-J7RWGHAZkowBHpcLpmjKsxwnZZJ94oGEL2w+wvW1/+ZLmAiFFF6UgU0rHMC5CbHJT4IPx9cbkYMEHsBkcRJ0Bw==
  dependencies:
    tsparticles-engine "^2.12.0"

tsparticles-updater-opacity@^2.12.0:
  version "2.12.0"
  resolved "https://registry.npmjs.org/tsparticles-updater-opacity/-/tsparticles-updater-opacity-2.12.0.tgz"
  integrity sha512-YUjMsgHdaYi4HN89LLogboYcCi1o9VGo21upoqxq19yRy0hRCtx2NhH22iHF/i5WrX6jqshN0iuiiNefC53CsA==
  dependencies:
    tsparticles-engine "^2.12.0"

tsparticles-updater-out-modes@^2.12.0:
  version "2.12.0"
  resolved "https://registry.npmjs.org/tsparticles-updater-out-modes/-/tsparticles-updater-out-modes-2.12.0.tgz"
  integrity sha512-owBp4Gk0JNlSrmp12XVEeBroDhLZU+Uq3szbWlHGSfcR88W4c/0bt0FiH5bHUqORIkw+m8O56hCjbqwj69kpOQ==
  dependencies:
    tsparticles-engine "^2.12.0"

tsparticles-updater-rotate@^2.12.0:
  version "2.12.0"
  resolved "https://registry.npmjs.org/tsparticles-updater-rotate/-/tsparticles-updater-rotate-2.12.0.tgz"
  integrity sha512-waOFlGFmEZOzsQg4C4VSejNVXGf4dMf3fsnQrEROASGf1FCd8B6WcZau7JtXSTFw0OUGuk8UGz36ETWN72DkCw==
  dependencies:
    tsparticles-engine "^2.12.0"

tsparticles-updater-size@^2.12.0:
  version "2.12.0"
  resolved "https://registry.npmjs.org/tsparticles-updater-size/-/tsparticles-updater-size-2.12.0.tgz"
  integrity sha512-B0yRdEDd/qZXCGDL/ussHfx5YJ9UhTqNvmS5X2rR2hiZhBAE2fmsXLeWkdtF2QusjPeEqFDxrkGiLOsh6poqRA==
  dependencies:
    tsparticles-engine "^2.12.0"

tsparticles-updater-stroke-color@^2.12.0:
  version "2.12.0"
  resolved "https://registry.npmjs.org/tsparticles-updater-stroke-color/-/tsparticles-updater-stroke-color-2.12.0.tgz"
  integrity sha512-MPou1ZDxsuVq6SN1fbX+aI5yrs6FyP2iPCqqttpNbWyL+R6fik1rL0ab/x02B57liDXqGKYomIbBQVP3zUTW1A==
  dependencies:
    tsparticles-engine "^2.12.0"

type-is@~1.6.18:
  version "1.6.18"
  resolved "https://registry.npmjs.org/type-is/-/type-is-1.6.18.tgz"
  integrity sha512-TkRKr9sUTxEH8MdfuCSP7VizJyzRNMjj2J2do2Jr3Kym598JVdEksuzPQCnlFPW4ky9Q+iA+ma9BGm06XQBy8g==
  dependencies:
    media-typer "0.3.0"
    mime-types "~2.1.24"

unpipe@~1.0.0, unpipe@1.0.0:
  version "1.0.0"
  resolved "https://registry.npmjs.org/unpipe/-/unpipe-1.0.0.tgz"
  integrity sha512-pjy2bYhSsufwWlKwPc+l3cN7+wuJlK6uz0YdJEOlQDbl6jo/YlPi4mb8agUkVC8BF7V8NuzeyPNqRksA3hztKQ==

utils-merge@1.0.1:
  version "1.0.1"
  resolved "https://registry.npmjs.org/utils-merge/-/utils-merge-1.0.1.tgz"
  integrity sha512-pMZTvIkT1d+TFGvDOqodOclx0QWkkgi6Tdoa8gC8ffGAAqz9pzPTZWAybbsHHoED/ztMtkv/VoYTYyShUn81hA==

vary@~1.1.2:
  version "1.1.2"
  resolved "https://registry.npmjs.org/vary/-/vary-1.1.2.tgz"
  integrity sha512-BNGbWLfd0eUPabhkXUVm0j8uuvREyTh5ovRa/dyow/BqAbZJyC+5fU+IzQOzmAKzYqYRAISoRhdQr3eIZ/PXqg==

"vite@^3.0.0 || ^4.0.0 || ^5.0.0 || ^6.0.0", "vite@^5.0.3 || ^6.0.0", vite@^6.0.0:
  version "6.1.0"
  resolved "https://registry.npmjs.org/vite/-/vite-6.1.0.tgz"
  integrity sha512-RjjMipCKVoR4hVfPY6GQTgveinjNuyLw+qruksLDvA5ktI1150VmcMBKmQaEWJhg/j6Uaf6dNCNA0AfdzUb/hQ==
  dependencies:
    esbuild "^0.24.2"
    postcss "^8.5.1"
    rollup "^4.30.1"
  optionalDependencies:
    fsevents "~2.3.3"

vitefu@^1.0.4:
  version "1.0.5"
  resolved "https://registry.npmjs.org/vitefu/-/vitefu-1.0.5.tgz"
  integrity sha512-h4Vflt9gxODPFNGPwp4zAMZRpZR7eslzwH2c5hn5kNZ5rhnKyRJ50U+yGCdc2IRaBs8O4haIgLNGrV5CrpMsCA==

zimmerframe@^1.1.2:
  version "1.1.2"
  resolved "https://registry.npmjs.org/zimmerframe/-/zimmerframe-1.1.2.tgz"
  integrity sha512-rAbqEGa8ovJy4pyBxZM70hg4pE6gDgaQ0Sl9M3enG3I0d6H4XSAM3GeNGLKnsBpuijUow064sf7ww1nutC5/3w==
